
Microsoft Visual Studio Solution File, Format Version 12.00
# Visual Studio Version 16
VisualStudioVersion = 16.0.29613.14
MinimumVisualStudioVersion = 10.0.40219.1
Project("{FAE04EC0-301F-11D3-BF4B-00C04F79EFBC}") = "ConsoleAppGit", "ConsoleAppGit\ConsoleAppGit.csproj", "{651451E1-4B9E-4041-81D8-AE14301D97EE}"
EndProject
Global
	GlobalSection(SolutionConfigurationPlatforms) = preSolution
		Debug|Any CPU = Debug|Any CPU
		Release|Any CPU = Release|Any CPU
	EndGlobalSection
	GlobalSection(ProjectConfigurationPlatforms) = postSolution
		{651451E1-4B9E-4041-81D8-AE14301D97EE}.Debug|Any CPU.ActiveCfg = Debug|Any CPU
		{651451E1-4B9E-4041-81D8-AE14301D97EE}.Debug|Any CPU.Build.0 = Debug|Any CPU
		{651451E1-4B9E-4041-81D8-AE14301D97EE}.Release|Any CPU.ActiveCfg = Release|Any CPU
		{651451E1-4B9E-4041-81D8-AE14301D97EE}.Release|Any CPU.Build.0 = Release|Any CPU
	EndGlobalSection
	GlobalSection(SolutionProperties) = preSolution
		HideSolutionNode = FALSE
	EndGlobalSection
	GlobalSection(ExtensibilityGlobals) = postSolution
		SolutionGuid = {0EEE2007-5548-45B4-BA33-6C215817EAD1}
	EndGlobalSection
EndGlobal
